
Microsoft Visual Studio Solution File, Format Version 12.00
# Visual Studio 15
VisualStudioVersion = 15.0.27703.1
MinimumVisualStudioVersion = 10.0.40219.1
Project("{FAE04EC0-301F-11D3-BF4B-00C04F79EFBC}") = "FenixSoapWebService", "FenixSoapWebService.csproj", "{CF2FFBC1-B6FD-4D77-92DF-4BE6B1239F01}"
EndProject
Project("{FAE04EC0-301F-11D3-BF4B-00C04F79EFBC}") = "FenixHelper", "..\FenixHelper\FenixHelper.csproj", "{7685FA4C-D022-4CC0-B5F3-6D4354EF8C9C}"
EndProject
Global
	GlobalSection(SolutionConfigurationPlatforms) = preSolution
		Debug|Any CPU = Debug|Any CPU
		Release|Any CPU = Release|Any CPU
	EndGlobalSection
	GlobalSection(ProjectConfigurationPlatforms) = postSolution
		{CF2FFBC1-B6FD-4D77-92DF-4BE6B1239F01}.Debug|Any CPU.ActiveCfg = Debug|Any CPU
		{CF2FFBC1-B6FD-4D77-92DF-4BE6B1239F01}.Debug|Any CPU.Build.0 = Debug|Any CPU
		{CF2FFBC1-B6FD-4D77-92DF-4BE6B1239F01}.Release|Any CPU.ActiveCfg = Release|Any CPU
		{CF2FFBC1-B6FD-4D77-92DF-4BE6B1239F01}.Release|Any CPU.Build.0 = Release|Any CPU
		{7685FA4C-D022-4CC0-B5F3-6D4354EF8C9C}.Debug|Any CPU.ActiveCfg = Debug|Any CPU
		{7685FA4C-D022-4CC0-B5F3-6D4354EF8C9C}.Debug|Any CPU.Build.0 = Debug|Any CPU
		{7685FA4C-D022-4CC0-B5F3-6D4354EF8C9C}.Release|Any CPU.ActiveCfg = Release|Any CPU
		{7685FA4C-D022-4CC0-B5F3-6D4354EF8C9C}.Release|Any CPU.Build.0 = Release|Any CPU
	EndGlobalSection
	GlobalSection(SolutionProperties) = preSolution
		HideSolutionNode = FALSE
	EndGlobalSection
	GlobalSection(ExtensibilityGlobals) = postSolution
		SolutionGuid = {C31A70EB-BE30-4D57-8013-7D2AB66A0DDC}
	EndGlobalSection
EndGlobal
